
Microsoft Visual Studio Solution File, Format Version 12.00
# Visual Studio Version 16
VisualStudioVersion = 16.0.30907.101
MinimumVisualStudioVersion = 10.0.40219.1
Project("{FAE04EC0-301F-11D3-BF4B-00C04F79EFBC}") = "RentersView", "RentersView\RentersView.csproj", "{9483CBB1-9ED2-41F7-B8C1-2F7410F600FB}"
EndProject
Global
	GlobalSection(SolutionConfigurationPlatforms) = preSolution
		Debug|Any CPU = Debug|Any CPU
		Release|Any CPU = Release|Any CPU
	EndGlobalSection
	GlobalSection(ProjectConfigurationPlatforms) = postSolution
		{9483CBB1-9ED2-41F7-B8C1-2F7410F600FB}.Debug|Any CPU.ActiveCfg = Debug|Any CPU
		{9483CBB1-9ED2-41F7-B8C1-2F7410F600FB}.Debug|Any CPU.Build.0 = Debug|Any CPU
		{9483CBB1-9ED2-41F7-B8C1-2F7410F600FB}.Release|Any CPU.ActiveCfg = Release|Any CPU
		{9483CBB1-9ED2-41F7-B8C1-2F7410F600FB}.Release|Any CPU.Build.0 = Release|Any CPU
	EndGlobalSection
	GlobalSection(SolutionProperties) = preSolution
		HideSolutionNode = FALSE
	EndGlobalSection
	GlobalSection(ExtensibilityGlobals) = postSolution
		SolutionGuid = {F86EBCC1-1131-4016-9230-C43815C46DC5}
	EndGlobalSection
EndGlobal
